// !$*UTF8*$!
{
	archiveVersion = 1;
	classes = {
	};
	objectVersion = 50;
	objects = {

/* Begin PBXBuildFile section */
		8417DBF62463EF67000E2C96 /* UIViewGradient.swift in Sources */ = {isa = PBXBuildFile; fileRef = 8417DBF52463EF67000E2C96 /* UIViewGradient.swift */; };
		8433BEFB246EC7D5001A8820 /* Main.storyboard in Resources */ = {isa = PBXBuildFile; fileRef = 8433BEF9246EC7D5001A8820 /* Main.storyboard */; };
		84632575246C142400454C21 /* TableViewController.swift in Sources */ = {isa = PBXBuildFile; fileRef = 84632574246C142400454C21 /* TableViewController.swift */; };
		846D08A6246EC598000B9657 /* RotateViewController.swift in Sources */ = {isa = PBXBuildFile; fileRef = 846D08A5246EC598000B9657 /* RotateViewController.swift */; };
		873A46E9245ED98F0022B8FA /* PhotoEditorController.swift in Sources */ = {isa = PBXBuildFile; fileRef = 873A46E8245ED98F0022B8FA /* PhotoEditorController.swift */; };
		874CC1C72461270300A78635 /* modelViewController.swift in Sources */ = {isa = PBXBuildFile; fileRef = 874CC1C62461270300A78635 /* modelViewController.swift */; };
		878B127B245992CB00F50AFD /* AppDelegate.swift in Sources */ = {isa = PBXBuildFile; fileRef = 878B127A245992CB00F50AFD /* AppDelegate.swift */; };
		878B127D245992CB00F50AFD /* SceneDelegate.swift in Sources */ = {isa = PBXBuildFile; fileRef = 878B127C245992CB00F50AFD /* SceneDelegate.swift */; };
		878B127F245992CB00F50AFD /* ViewController.swift in Sources */ = {isa = PBXBuildFile; fileRef = 878B127E245992CB00F50AFD /* ViewController.swift */; };
		878B1284245992CC00F50AFD /* Assets.xcassets in Resources */ = {isa = PBXBuildFile; fileRef = 878B1283245992CC00F50AFD /* Assets.xcassets */; };
		878B1287245992CC00F50AFD /* LaunchScreen.storyboard in Resources */ = {isa = PBXBuildFile; fileRef = 878B1285245992CC00F50AFD /* LaunchScreen.storyboard */; };
/* End PBXBuildFile section */

/* Begin PBXFileReference section */
		8417DBF52463EF67000E2C96 /* UIViewGradient.swift */ = {isa = PBXFileReference; fileEncoding = 4; lastKnownFileType = sourcecode.swift; path = UIViewGradient.swift; sourceTree = "<group>"; };
		8433BEFA246EC7D5001A8820 /* Base */ = {isa = PBXFileReference; lastKnownFileType = file.storyboard; name = Base; path = Base.lproj/Main.storyboard; sourceTree = "<group>"; };
		84632574246C142400454C21 /* TableViewController.swift */ = {isa = PBXFileReference; lastKnownFileType = sourcecode.swift; path = TableViewController.swift; sourceTree = "<group>"; };
		846D08A5246EC598000B9657 /* RotateViewController.swift */ = {isa = PBXFileReference; lastKnownFileType = sourcecode.swift; path = RotateViewController.swift; sourceTree = "<group>"; };
		873A46E8245ED98F0022B8FA /* PhotoEditorController.swift */ = {isa = PBXFileReference; lastKnownFileType = sourcecode.swift; path = PhotoEditorController.swift; sourceTree = "<group>"; };
		874CC1C62461270300A78635 /* modelViewController.swift */ = {isa = PBXFileReference; lastKnownFileType = sourcecode.swift; path = modelViewController.swift; sourceTree = "<group>"; };
		878B1277245992CB00F50AFD /* PhotoEditorApp.app */ = {isa = PBXFileReference; explicitFileType = wrapper.application; includeInIndex = 0; path = PhotoEditorApp.app; sourceTree = BUILT_PRODUCTS_DIR; };
		878B127A245992CB00F50AFD /* AppDelegate.swift */ = {isa = PBXFileReference; lastKnownFileType = sourcecode.swift; path = AppDelegate.swift; sourceTree = "<group>"; };
		878B127C245992CB00F50AFD /* SceneDelegate.swift */ = {isa = PBXFileReference; lastKnownFileType = sourcecode.swift; path = SceneDelegate.swift; sourceTree = "<group>"; };
		878B127E245992CB00F50AFD /* ViewController.swift */ = {isa = PBXFileReference; lastKnownFileType = sourcecode.swift; path = ViewController.swift; sourceTree = "<group>"; };
		878B1283245992CC00F50AFD /* Assets.xcassets */ = {isa = PBXFileReference; lastKnownFileType = folder.assetcatalog; path = Assets.xcassets; sourceTree = "<group>"; };
		878B1286245992CC00F50AFD /* Base */ = {isa = PBXFileReference; lastKnownFileType = file.storyboard; name = Base; path = Base.lproj/LaunchScreen.storyboard; sourceTree = "<group>"; };
		878B1288245992CC00F50AFD /* Info.plist */ = {isa = PBXFileReference; lastKnownFileType = text.plist.xml; path = Info.plist; sourceTree = "<group>"; };
/* End PBXFileReference section */

/* Begin PBXFrameworksBuildPhase section */
		878B1274245992CB00F50AFD /* Frameworks */ = {
			isa = PBXFrameworksBuildPhase;
			buildActionMask = 2147483647;
			files = (
			);
			runOnlyForDeploymentPostprocessing = 0;
		};
/* End PBXFrameworksBuildPhase section */

/* Begin PBXGroup section */
		878B126E245992CB00F50AFD = {
			isa = PBXGroup;
			children = (
				878B1279245992CB00F50AFD /* PhotoEditorApp */,
				878B1278245992CB00F50AFD /* Products */,
			);
			sourceTree = "<group>";
		};
		878B1278245992CB00F50AFD /* Products */ = {
			isa = PBXGroup;
			children = (
				878B1277245992CB00F50AFD /* PhotoEditorApp.app */,
			);
			name = Products;
			sourceTree = "<group>";
		};
		878B1279245992CB00F50AFD /* PhotoEditorApp */ = {
			isa = PBXGroup;
			children = (
				878B127A245992CB00F50AFD /* AppDelegate.swift */,
				878B127C245992CB00F50AFD /* SceneDelegate.swift */,
				878B127E245992CB00F50AFD /* ViewController.swift */,
				8417DBF52463EF67000E2C96 /* UIViewGradient.swift */,
				873A46E8245ED98F0022B8FA /* PhotoEditorController.swift */,
				874CC1C62461270300A78635 /* modelViewController.swift */,
				846D08A5246EC598000B9657 /* RotateViewController.swift */,
				8433BEF9246EC7D5001A8820 /* Main.storyboard */,
				84632574246C142400454C21 /* TableViewController.swift */,
				878B1283245992CC00F50AFD /* Assets.xcassets */,
				878B1285245992CC00F50AFD /* LaunchScreen.storyboard */,
				878B1288245992CC00F50AFD /* Info.plist */,
			);
			path = PhotoEditorApp;
			sourceTree = "<group>";
		};
/* End PBXGroup section */

/* Begin PBXNativeTarget section */
		878B1276245992CB00F50AFD /* PhotoEditorApp */ = {
			isa = PBXNativeTarget;
			buildConfigurationList = 878B128B245992CC00F50AFD /* Build configuration list for PBXNativeTarget "PhotoEditorApp" */;
			buildPhases = (
				878B1273245992CB00F50AFD /* Sources */,
				878B1274245992CB00F50AFD /* Frameworks */,
				878B1275245992CB00F50AFD /* Resources */,
			);
			buildRules = (
			);
			dependencies = (
			);
			name = PhotoEditorApp;
			productName = PhotoEditorApp;
			productReference = 878B1277245992CB00F50AFD /* PhotoEditorApp.app */;
			productType = "com.apple.product-type.application";
		};
/* End PBXNativeTarget section */

/* Begin PBXProject section */
		878B126F245992CB00F50AFD /* Project object */ = {
			isa = PBXProject;
			attributes = {
				LastSwiftUpdateCheck = 1120;
				LastUpgradeCheck = 1120;
				ORGANIZATIONNAME = "Sergio Ramos";
				TargetAttributes = {
					878B1276245992CB00F50AFD = {
						CreatedOnToolsVersion = 11.2.1;
					};
				};
			};
			buildConfigurationList = 878B1272245992CB00F50AFD /* Build configuration list for PBXProject "PhotoEditorApp" */;
			compatibilityVersion = "Xcode 9.3";
			developmentRegion = en;
			hasScannedForEncodings = 0;
			knownRegions = (
				en,
				Base,
			);
			mainGroup = 878B126E245992CB00F50AFD;
			productRefGroup = 878B1278245992CB00F50AFD /* Products */;
			projectDirPath = "";
			projectRoot = "";
			targets = (
				878B1276245992CB00F50AFD /* PhotoEditorApp */,
			);
		};
/* End PBXProject section */

/* Begin PBXResourcesBuildPhase section */
		878B1275245992CB00F50AFD /* Resources */ = {
			isa = PBXResourcesBuildPhase;
			buildActionMask = 2147483647;
			files = (
				8433BEFB246EC7D5001A8820 /* Main.storyboard in Resources */,
				878B1287245992CC00F50AFD /* LaunchScreen.storyboard in Resources */,
				878B1284245992CC00F50AFD /* Assets.xcassets in Resources */,
			);
			runOnlyForDeploymentPostprocessing = 0;
		};
/* End PBXResourcesBuildPhase section */

/* Begin PBXSourcesBuildPhase section */
		878B1273245992CB00F50AFD /* Sources */ = {
			isa = PBXSourcesBuildPhase;
			buildActionMask = 2147483647;
			files = (
				8417DBF62463EF67000E2C96 /* UIViewGradient.swift in Sources */,
				84632575246C142400454C21 /* TableViewController.swift in Sources */,
				878B127F245992CB00F50AFD /* ViewController.swift in Sources */,
				846D08A6246EC598000B9657 /* RotateViewController.swift in Sources */,
				878B127B245992CB00F50AFD /* AppDelegate.swift in Sources */,
				878B127D245992CB00F50AFD /* SceneDelegate.swift in Sources */,
				873A46E9245ED98F0022B8FA /* PhotoEditorController.swift in Sources */,
				874CC1C72461270300A78635 /* modelViewController.swift in Sources */,
			);
			runOnlyForDeploymentPostprocessing = 0;
		};
/* End PBXSourcesBuildPhase section */

/* Begin PBXVariantGroup section */
		8433BEF9246EC7D5001A8820 /* Main.storyboard */ = {
			isa = PBXVariantGroup;
			children = (
				8433BEFA246EC7D5001A8820 /* Base */,
			);
			name = Main.storyboard;
			sourceTree = "<group>";
		};
		878B1285245992CC00F50AFD /* LaunchScreen.storyboard */ = {
			isa = PBXVariantGroup;
			children = (
				878B1286245992CC00F50AFD /* Base */,
			);
			name = LaunchScreen.storyboard;
			sourceTree = "<group>";
		};
/* End PBXVariantGroup section */

/* Begin XCBuildConfiguration section */
		878B1289245992CC00F50AFD /* Debug */ = {
			isa = XCBuildConfiguration;
			buildSettings = {
				ALWAYS_SEARCH_USER_PATHS = NO;
				CLANG_ANALYZER_NONNULL = YES;
				CLANG_ANALYZER_NUMBER_OBJECT_CONVERSION = YES_AGGRESSIVE;
				CLANG_CXX_LANGUAGE_STANDARD = "gnu++14";
				CLANG_CXX_LIBRARY = "libc++";
				CLANG_ENABLE_MODULES = YES;
				CLANG_ENABLE_OBJC_ARC = YES;
				CLANG_ENABLE_OBJC_WEAK = YES;
				CLANG_WARN_BLOCK_CAPTURE_AUTORELEASING = YES;
				CLANG_WARN_BOOL_CONVERSION = YES;
				CLANG_WARN_COMMA = YES;
				CLANG_WARN_CONSTANT_CONVERSION = YES;
				CLANG_WARN_DEPRECATED_OBJC_IMPLEMENTATIONS = YES;
				CLANG_WARN_DIRECT_OBJC_ISA_USAGE = YES_ERROR;
				CLANG_WARN_DOCUMENTATION_COMMENTS = YES;
				CLANG_WARN_EMPTY_BODY = YES;
				CLANG_WARN_ENUM_CONVERSION = YES;
				CLANG_WARN_INFINITE_RECURSION = YES;
				CLANG_WARN_INT_CONVERSION = YES;
				CLANG_WARN_NON_LITERAL_NULL_CONVERSION = YES;
				CLANG_WARN_OBJC_IMPLICIT_RETAIN_SELF = YES;
				CLANG_WARN_OBJC_LITERAL_CONVERSION = YES;
				CLANG_WARN_OBJC_ROOT_CLASS = YES_ERROR;
				CLANG_WARN_RANGE_LOOP_ANALYSIS = YES;
				CLANG_WARN_STRICT_PROTOTYPES = YES;
				CLANG_WARN_SUSPICIOUS_MOVE = YES;
				CLANG_WARN_UNGUARDED_AVAILABILITY = YES_AGGRESSIVE;
				CLANG_WARN_UNREACHABLE_CODE = YES;
				CLANG_WARN__DUPLICATE_METHOD_MATCH = YES;
				COPY_PHASE_STRIP = NO;
				DEBUG_INFORMATION_FORMAT = dwarf;
				ENABLE_STRICT_OBJC_MSGSEND = YES;
				ENABLE_TESTABILITY = YES;
				GCC_C_LANGUAGE_STANDARD = gnu11;
				GCC_DYNAMIC_NO_PIC = NO;
				GCC_NO_COMMON_BLOCKS = YES;
				GCC_OPTIMIZATION_LEVEL = 0;
				GCC_PREPROCESSOR_DEFINITIONS = (
					"DEBUG=1",
					"$(inherited)",
				);
				GCC_WARN_64_TO_32_BIT_CONVERSION = YES;
				GCC_WARN_ABOUT_RETURN_TYPE = YES_ERROR;
				GCC_WARN_UNDECLARED_SELECTOR = YES;
				GCC_WARN_UNINITIALIZED_AUTOS = YES_AGGRESSIVE;
				GCC_WARN_UNUSED_FUNCTION = YES;
				GCC_WARN_UNUSED_VARIABLE = YES;
				IPHONEOS_DEPLOYMENT_TARGET = 13.2;
				MTL_ENABLE_DEBUG_INFO = INCLUDE_SOURCE;
				MTL_FAST_MATH = YES;
				ONLY_ACTIVE_ARCH = YES;
				SDKROOT = iphoneos;
				SWIFT_ACTIVE_COMPILATION_CONDITIONS = DEBUG;
				SWIFT_OPTIMIZATION_LEVEL = "-Onone";
			};
			name = Debug;
		};
		878B128A245992CC00F50AFD /* Release */ = {
			isa = XCBuildConfiguration;
			buildSettings = {
				ALWAYS_SEARCH_USER_PATHS = NO;
				CLANG_ANALYZER_NONNULL = YES;
				CLANG_ANALYZER_NUMBER_OBJECT_CONVERSION = YES_AGGRESSIVE;
				CLANG_CXX_LANGUAGE_STANDARD = "gnu++14";
				CLANG_CXX_LIBRARY = "libc++";
				CLANG_ENABLE_MODULES = YES;
				CLANG_ENABLE_OBJC_ARC = YES;
				CLANG_ENABLE_OBJC_WEAK = YES;
				CLANG_WARN_BLOCK_CAPTURE_AUTORELEASING = YES;
				CLANG_WARN_BOOL_CONVERSION = YES;
				CLANG_WARN_COMMA = YES;
				CLANG_WARN_CONSTANT_CONVERSION = YES;
				CLANG_WARN_DEPRECATED_OBJC_IMPLEMENTATIONS = YES;
				CLANG_WARN_DIRECT_OBJC_ISA_USAGE = YES_ERROR;
				CLANG_WARN_DOCUMENTATION_COMMENTS = YES;
				CLANG_WARN_EMPTY_BODY = YES;
				CLANG_WARN_ENUM_CONVERSION = YES;
				CLANG_WARN_INFINITE_RECURSION = YES;
				CLANG_WARN_INT_CONVERSION = YES;
				CLANG_WARN_NON_LITERAL_NULL_CONVERSION = YES;
				CLANG_WARN_OBJC_IMPLICIT_RETAIN_SELF = YES;
				CLANG_WARN_OBJC_LITERAL_CONVERSION = YES;
				CLANG_WARN_OBJC_ROOT_CLASS = YES_ERROR;
				CLANG_WARN_RANGE_LOOP_ANALYSIS = YES;
				CLANG_WARN_STRICT_PROTOTYPES = YES;
				CLANG_WARN_SUSPICIOUS_MOVE = YES;
				CLANG_WARN_UNGUARDED_AVAILABILITY = YES_AGGRESSIVE;
				CLANG_WARN_UNREACHABLE_CODE = YES;
				CLANG_WARN__DUPLICATE_METHOD_MATCH = YES;
				COPY_PHASE_STRIP = NO;
				DEBUG_INFORMATION_FORMAT = "dwarf-with-dsym";
				ENABLE_NS_ASSERTIONS = NO;
				ENABLE_STRICT_OBJC_MSGSEND = YES;
				GCC_C_LANGUAGE_STANDARD = gnu11;
				GCC_NO_COMMON_BLOCKS = YES;
				GCC_WARN_64_TO_32_BIT_CONVERSION = YES;
				GCC_WARN_ABOUT_RETURN_TYPE = YES_ERROR;
				GCC_WARN_UNDECLARED_SELECTOR = YES;
				GCC_WARN_UNINITIALIZED_AUTOS = YES_AGGRESSIVE;
				GCC_WARN_UNUSED_FUNCTION = YES;
				GCC_WARN_UNUSED_VARIABLE = YES;
				IPHONEOS_DEPLOYMENT_TARGET = 13.2;
				MTL_ENABLE_DEBUG_INFO = NO;
				MTL_FAST_MATH = YES;
				SDKROOT = iphoneos;
				SWIFT_COMPILATION_MODE = wholemodule;
				SWIFT_OPTIMIZATION_LEVEL = "-O";
				VALIDATE_PRODUCT = YES;
			};
			name = Release;
		};
		878B128C245992CC00F50AFD /* Debug */ = {
			isa = XCBuildConfiguration;
			buildSettings = {
				ASSETCATALOG_COMPILER_APPICON_NAME = AppIcon;
				CODE_SIGN_STYLE = Automatic;
				DEVELOPMENT_TEAM = APRT9NQ7DF;
				INFOPLIST_FILE = PhotoEditorApp/Info.plist;
				IPHONEOS_DEPLOYMENT_TARGET = 12.1;
				LD_RUNPATH_SEARCH_PATHS = (
					"$(inherited)",
					"@executable_path/Frameworks",
				);
				PRODUCT_BUNDLE_IDENTIFIER = T.PhotoEditorApp;
				PRODUCT_NAME = "$(TARGET_NAME)";
				SWIFT_VERSION = 5.0;
				TARGETED_DEVICE_FAMILY = "1,2";
			};
			name = Debug;
		};
		878B128D245992CC00F50AFD /* Release */ = {
			isa = XCBuildConfiguration;
			buildSettings = {
				ASSETCATALOG_COMPILER_APPICON_NAME = AppIcon;
				CODE_SIGN_STYLE = Automatic;
				DEVELOPMENT_TEAM = APRT9NQ7DF;
				INFOPLIST_FILE = PhotoEditorApp/Info.plist;
				IPHONEOS_DEPLOYMENT_TARGET = 12.1;
				LD_RUNPATH_SEARCH_PATHS = (
					"$(inherited)",
					"@executable_path/Frameworks",
				);
				PRODUCT_BUNDLE_IDENTIFIER = T.PhotoEditorApp;
				PRODUCT_NAME = "$(TARGET_NAME)";
				SWIFT_VERSION = 5.0;
				TARGETED_DEVICE_FAMILY = "1,2";
			};
			name = Release;
		};
/* End XCBuildConfiguration section */

/* Begin XCConfigurationList section */
		878B1272245992CB00F50AFD /* Build configuration list for PBXProject "PhotoEditorApp" */ = {
			isa = XCConfigurationList;
			buildConfigurations = (
				878B1289245992CC00F50AFD /* Debug */,
				878B128A245992CC00F50AFD /* Release */,
			);
			defaultConfigurationIsVisible = 0;
			defaultConfigurationName = Release;
		};
		878B128B245992CC00F50AFD /* Build configuration list for PBXNativeTarget "PhotoEditorApp" */ = {
			isa = XCConfigurationList;
			buildConfigurations = (
				878B128C245992CC00F50AFD /* Debug */,
				878B128D245992CC00F50AFD /* Release */,
			);
			defaultConfigurationIsVisible = 0;
			defaultConfigurationName = Release;
		};
/* End XCConfigurationList section */
	};
	rootObject = 878B126F245992CB00F50AFD /* Project object */;
}
